
Microsoft Visual Studio Solution File, Format Version 12.00
# Visual Studio Version 16
VisualStudioVersion = 16.0.33027.164
MinimumVisualStudioVersion = 10.0.40219.1
Project("{FAE04EC0-301F-11D3-BF4B-00C04F79EFBC}") = "WindowsFormsApplication", "WindowsFormsApplication\WindowsFormsApplication.csproj", "{516023BE-2DC5-4F63-AB6F-B07B70CCD59A}"
EndProject
Global
	GlobalSection(SolutionConfigurationPlatforms) = preSolution
		Debug|Any CPU = Debug|Any CPU
		Release|Any CPU = Release|Any CPU
	EndGlobalSection
	GlobalSection(ProjectConfigurationPlatforms) = postSolution
		{516023BE-2DC5-4F63-AB6F-B07B70CCD59A}.Debug|Any CPU.ActiveCfg = Debug|Any CPU
		{516023BE-2DC5-4F63-AB6F-B07B70CCD59A}.Debug|Any CPU.Build.0 = Debug|Any CPU
		{516023BE-2DC5-4F63-AB6F-B07B70CCD59A}.Release|Any CPU.ActiveCfg = Release|Any CPU
		{516023BE-2DC5-4F63-AB6F-B07B70CCD59A}.Release|Any CPU.Build.0 = Release|Any CPU
	EndGlobalSection
	GlobalSection(SolutionProperties) = preSolution
		HideSolutionNode = FALSE
	EndGlobalSection
	GlobalSection(ExtensibilityGlobals) = postSolution
		SolutionGuid = {E04B9DAA-5BA2-4F3F-91E4-1EB997F22DB5}
	EndGlobalSection
EndGlobal
